
Microsoft Visual Studio Solution File, Format Version 12.00
# Visual Studio Version 16
VisualStudioVersion = 16.0.29306.81
MinimumVisualStudioVersion = 10.0.40219.1
Project("{FAE04EC0-301F-11D3-BF4B-00C04F79EFBC}") = "BooksShopOnline", "BooksShopOnline\BooksShopOnline.csproj", "{AA4EBC36-C913-45B4-9061-3ACF619A9FEC}"
EndProject
Project("{2150E333-8FDC-42A3-9474-1A3956D46DE8}") = "Models", "Models", "{6A9EB675-3FB0-4FDB-B66D-BFDDA189C957}"
	ProjectSection(SolutionItems) = preProject
		giay.cs = giay.cs
		GiayContext.cs = GiayContext.cs
		GiayDatabaseInitializer.cs = GiayDatabaseInitializer.cs
		Theloai.cs = Theloai.cs
	EndProjectSection
EndProject
Global
	GlobalSection(SolutionConfigurationPlatforms) = preSolution
		Debug|Any CPU = Debug|Any CPU
		Release|Any CPU = Release|Any CPU
	EndGlobalSection
	GlobalSection(ProjectConfigurationPlatforms) = postSolution
		{AA4EBC36-C913-45B4-9061-3ACF619A9FEC}.Debug|Any CPU.ActiveCfg = Debug|Any CPU
		{AA4EBC36-C913-45B4-9061-3ACF619A9FEC}.Debug|Any CPU.Build.0 = Debug|Any CPU
		{AA4EBC36-C913-45B4-9061-3ACF619A9FEC}.Release|Any CPU.ActiveCfg = Release|Any CPU
		{AA4EBC36-C913-45B4-9061-3ACF619A9FEC}.Release|Any CPU.Build.0 = Release|Any CPU
	EndGlobalSection
	GlobalSection(SolutionProperties) = preSolution
		HideSolutionNode = FALSE
	EndGlobalSection
	GlobalSection(ExtensibilityGlobals) = postSolution
		SolutionGuid = {ED2E5868-0570-417F-B0BB-08F333C6BE76}
	EndGlobalSection
EndGlobal
